// !$*UTF8*$!
{
	archiveVersion = 1;
	classes = {
	};
	objectVersion = 77;
	objects = {

/* Begin PBXContainerItemProxy section */
		1C7E224F2DF175BC005E6399 /* PBXContainerItemProxy */ = {
			isa = PBXContainerItemProxy;
			containerPortal = 1C7E22342DF175BB005E6399 /* Project object */;
			proxyType = 1;
			remoteGlobalIDString = 1C7E223B2DF175BB005E6399;
			remoteInfo = Ashiato_KAI;
		};
		1C7E22592DF175BC005E6399 /* PBXContainerItemProxy */ = {
			isa = PBXContainerItemProxy;
			containerPortal = 1C7E22342DF175BB005E6399 /* Project object */;
			proxyType = 1;
			remoteGlobalIDString = 1C7E223B2DF175BB005E6399;
			remoteInfo = Ashiato_KAI;
		};
/* End PBXContainerItemProxy section */

/* Begin PBXFileReference section */
		1C7E223C2DF175BB005E6399 /* Ashiato_KAI.app */ = {isa = PBXFileReference; explicitFileType = wrapper.application; includeInIndex = 0; path = Ashiato_KAI.app; sourceTree = BUILT_PRODUCTS_DIR; };
		1C7E224E2DF175BC005E6399 /* Ashiato_KAITests.xctest */ = {isa = PBXFileReference; explicitFileType = wrapper.cfbundle; includeInIndex = 0; path = Ashiato_KAITests.xctest; sourceTree = BUILT_PRODUCTS_DIR; };
		1C7E22582DF175BC005E6399 /* Ashiato_KAIUITests.xctest */ = {isa = PBXFileReference; explicitFileType = wrapper.cfbundle; includeInIndex = 0; path = Ashiato_KAIUITests.xctest; sourceTree = BUILT_PRODUCTS_DIR; };
/* End PBXFileReference section */

/* Begin PBXFileSystemSynchronizedRootGroup section */
		1C7E223E2DF175BB005E6399 /* Ashiato_KAI */ = {
			isa = PBXFileSystemSynchronizedRootGroup;
			path = Ashiato_KAI;
			sourceTree = "<group>";
		};
		1C7E22512DF175BC005E6399 /* Ashiato_KAITests */ = {
			isa = PBXFileSystemSynchronizedRootGroup;
			path = Ashiato_KAITests;
			sourceTree = "<group>";
		};
		1C7E225B2DF175BC005E6399 /* Ashiato_KAIUITests */ = {
			isa = PBXFileSystemSynchronizedRootGroup;
			path = Ashiato_KAIUITests;
			sourceTree = "<group>";
		};
/* End PBXFileSystemSynchronizedRootGroup section */

/* Begin PBXFrameworksBuildPhase section */
		1C7E22392DF175BB005E6399 /* Frameworks */ = {
			isa = PBXFrameworksBuildPhase;
			buildActionMask = 2147483647;
			files = (
			);
			runOnlyForDeploymentPostprocessing = 0;
		};
		1C7E224B2DF175BC005E6399 /* Frameworks */ = {
			isa = PBXFrameworksBuildPhase;
			buildActionMask = 2147483647;
			files = (
			);
			runOnlyForDeploymentPostprocessing = 0;
		};
		1C7E22552DF175BC005E6399 /* Frameworks */ = {
			isa = PBXFrameworksBuildPhase;
			buildActionMask = 2147483647;
			files = (
			);
			runOnlyForDeploymentPostprocessing = 0;
		};
/* End PBXFrameworksBuildPhase section */

/* Begin PBXGroup section */
		1C7E22332DF175BB005E6399 = {
			isa = PBXGroup;
			children = (
				1C7E223E2DF175BB005E6399 /* Ashiato_KAI */,
				1C7E22512DF175BC005E6399 /* Ashiato_KAITests */,
				1C7E225B2DF175BC005E6399 /* Ashiato_KAIUITests */,
				1C7E223D2DF175BB005E6399 /* Products */,
			);
			sourceTree = "<group>";
		};
		1C7E223D2DF175BB005E6399 /* Products */ = {
			isa = PBXGroup;
			children = (
				1C7E223C2DF175BB005E6399 /* Ashiato_KAI.app */,
				1C7E224E2DF175BC005E6399 /* Ashiato_KAITests.xctest */,
				1C7E22582DF175BC005E6399 /* Ashiato_KAIUITests.xctest */,
			);
			name = Products;
			sourceTree = "<group>";
		};
/* End PBXGroup section */

/* Begin PBXNativeTarget section */
		1C7E223B2DF175BB005E6399 /* Ashiato_KAI */ = {
			isa = PBXNativeTarget;
			buildConfigurationList = 1C7E22622DF175BC005E6399 /* Build configuration list for PBXNativeTarget "Ashiato_KAI" */;
			buildPhases = (
				1C7E22382DF175BB005E6399 /* Sources */,
				1C7E22392DF175BB005E6399 /* Frameworks */,
				1C7E223A2DF175BB005E6399 /* Resources */,
			);
			buildRules = (
			);
			dependencies = (
			);
			fileSystemSynchronizedGroups = (
				1C7E223E2DF175BB005E6399 /* Ashiato_KAI */,
			);
			name = Ashiato_KAI;
			packageProductDependencies = (
			);
			productName = Ashiato_KAI;
			productReference = 1C7E223C2DF175BB005E6399 /* Ashiato_KAI.app */;
			productType = "com.apple.product-type.application";
		};
		1C7E224D2DF175BC005E6399 /* Ashiato_KAITests */ = {
			isa = PBXNativeTarget;
			buildConfigurationList = 1C7E22652DF175BC005E6399 /* Build configuration list for PBXNativeTarget "Ashiato_KAITests" */;
			buildPhases = (
				1C7E224A2DF175BC005E6399 /* Sources */,
				1C7E224B2DF175BC005E6399 /* Frameworks */,
				1C7E224C2DF175BC005E6399 /* Resources */,
			);
			buildRules = (
			);
			dependencies = (
				1C7E22502DF175BC005E6399 /* PBXTargetDependency */,
			);
			fileSystemSynchronizedGroups = (
				1C7E22512DF175BC005E6399 /* Ashiato_KAITests */,
			);
			name = Ashiato_KAITests;
			packageProductDependencies = (
			);
			productName = Ashiato_KAITests;
			productReference = 1C7E224E2DF175BC005E6399 /* Ashiato_KAITests.xctest */;
			productType = "com.apple.product-type.bundle.unit-test";
		};
		1C7E22572DF175BC005E6399 /* Ashiato_KAIUITests */ = {
			isa = PBXNativeTarget;
			buildConfigurationList = 1C7E22682DF175BC005E6399 /* Build configuration list for PBXNativeTarget "Ashiato_KAIUITests" */;
			buildPhases = (
				1C7E22542DF175BC005E6399 /* Sources */,
				1C7E22552DF175BC005E6399 /* Frameworks */,
				1C7E22562DF175BC005E6399 /* Resources */,
			);
			buildRules = (
			);
			dependencies = (
				1C7E225A2DF175BC005E6399 /* PBXTargetDependency */,
			);
			fileSystemSynchronizedGroups = (
				1C7E225B2DF175BC005E6399 /* Ashiato_KAIUITests */,
			);
			name = Ashiato_KAIUITests;
			packageProductDependencies = (
			);
			productName = Ashiato_KAIUITests;
			productReference = 1C7E22582DF175BC005E6399 /* Ashiato_KAIUITests.xctest */;
			productType = "com.apple.product-type.bundle.ui-testing";
		};
/* End PBXNativeTarget section */

/* Begin PBXProject section */
		1C7E22342DF175BB005E6399 /* Project object */ = {
			isa = PBXProject;
			attributes = {
				BuildIndependentTargetsInParallel = 1;
				LastSwiftUpdateCheck = 1630;
				LastUpgradeCheck = 1630;
				TargetAttributes = {
					1C7E223B2DF175BB005E6399 = {
						CreatedOnToolsVersion = 16.3;
					};
					1C7E224D2DF175BC005E6399 = {
						CreatedOnToolsVersion = 16.3;
						TestTargetID = 1C7E223B2DF175BB005E6399;
					};
					1C7E22572DF175BC005E6399 = {
						CreatedOnToolsVersion = 16.3;
						TestTargetID = 1C7E223B2DF175BB005E6399;
					};
				};
			};
			buildConfigurationList = 1C7E22372DF175BB005E6399 /* Build configuration list for PBXProject "Ashiato_KAI" */;
			developmentRegion = en;
			hasScannedForEncodings = 0;
			knownRegions = (
				en,
				Base,
			);
			mainGroup = 1C7E22332DF175BB005E6399;
			minimizedProjectReferenceProxies = 1;
			preferredProjectObjectVersion = 77;
			productRefGroup = 1C7E223D2DF175BB005E6399 /* Products */;
			projectDirPath = "";
			projectRoot = "";
			targets = (
				1C7E223B2DF175BB005E6399 /* Ashiato_KAI */,
				1C7E224D2DF175BC005E6399 /* Ashiato_KAITests */,
				1C7E22572DF175BC005E6399 /* Ashiato_KAIUITests */,
			);
		};
/* End PBXProject section */

/* Begin PBXResourcesBuildPhase section */
		1C7E223A2DF175BB005E6399 /* Resources */ = {
			isa = PBXResourcesBuildPhase;
			buildActionMask = 2147483647;
			files = (
			);
			runOnlyForDeploymentPostprocessing = 0;
		};
		1C7E224C2DF175BC005E6399 /* Resources */ = {
			isa = PBXResourcesBuildPhase;
			buildActionMask = 2147483647;
			files = (
			);
			runOnlyForDeploymentPostprocessing = 0;
		};
		1C7E22562DF175BC005E6399 /* Resources */ = {
			isa = PBXResourcesBuildPhase;
			buildActionMask = 2147483647;
			files = (
			);
			runOnlyForDeploymentPostprocessing = 0;
		};
/* End PBXResourcesBuildPhase section */

/* Begin PBXSourcesBuildPhase section */
		1C7E22382DF175BB005E6399 /* Sources */ = {
			isa = PBXSourcesBuildPhase;
			buildActionMask = 2147483647;
			files = (
			);
			runOnlyForDeploymentPostprocessing = 0;
		};
		1C7E224A2DF175BC005E6399 /* Sources */ = {
			isa = PBXSourcesBuildPhase;
			buildActionMask = 2147483647;
			files = (
			);
			runOnlyForDeploymentPostprocessing = 0;
		};
		1C7E22542DF175BC005E6399 /* Sources */ = {
			isa = PBXSourcesBuildPhase;
			buildActionMask = 2147483647;
			files = (
			);
			runOnlyForDeploymentPostprocessing = 0;
		};
/* End PBXSourcesBuildPhase section */

/* Begin PBXTargetDependency section */
		1C7E22502DF175BC005E6399 /* PBXTargetDependency */ = {
			isa = PBXTargetDependency;
			target = 1C7E223B2DF175BB005E6399 /* Ashiato_KAI */;
			targetProxy = 1C7E224F2DF175BC005E6399 /* PBXContainerItemProxy */;
		};
		1C7E225A2DF175BC005E6399 /* PBXTargetDependency */ = {
			isa = PBXTargetDependency;
			target = 1C7E223B2DF175BB005E6399 /* Ashiato_KAI */;
			targetProxy = 1C7E22592DF175BC005E6399 /* PBXContainerItemProxy */;
		};
/* End PBXTargetDependency section */

/* Begin XCBuildConfiguration section */
		1C7E22602DF175BC005E6399 /* Debug */ = {
			isa = XCBuildConfiguration;
			buildSettings = {
				ALWAYS_SEARCH_USER_PATHS = NO;
				ASSETCATALOG_COMPILER_GENERATE_SWIFT_ASSET_SYMBOL_EXTENSIONS = YES;
				CLANG_ANALYZER_NONNULL = YES;
				CLANG_ANALYZER_NUMBER_OBJECT_CONVERSION = YES_AGGRESSIVE;
				CLANG_CXX_LANGUAGE_STANDARD = "gnu++20";
				CLANG_ENABLE_MODULES = YES;
				CLANG_ENABLE_OBJC_ARC = YES;
				CLANG_ENABLE_OBJC_WEAK = YES;
				CLANG_WARN_BLOCK_CAPTURE_AUTORELEASING = YES;
				CLANG_WARN_BOOL_CONVERSION = YES;
				CLANG_WARN_COMMA = YES;
				CLANG_WARN_CONSTANT_CONVERSION = YES;
				CLANG_WARN_DEPRECATED_OBJC_IMPLEMENTATIONS = YES;
				CLANG_WARN_DIRECT_OBJC_ISA_USAGE = YES_ERROR;
				CLANG_WARN_DOCUMENTATION_COMMENTS = YES;
				CLANG_WARN_EMPTY_BODY = YES;
				CLANG_WARN_ENUM_CONVERSION = YES;
				CLANG_WARN_INFINITE_RECURSION = YES;
				CLANG_WARN_INT_CONVERSION = YES;
				CLANG_WARN_NON_LITERAL_NULL_CONVERSION = YES;
				CLANG_WARN_OBJC_IMPLICIT_RETAIN_SELF = YES;
				CLANG_WARN_OBJC_LITERAL_CONVERSION = YES;
				CLANG_WARN_OBJC_ROOT_CLASS = YES_ERROR;
				CLANG_WARN_QUOTED_INCLUDE_IN_FRAMEWORK_HEADER = YES;
				CLANG_WARN_RANGE_LOOP_ANALYSIS = YES;
				CLANG_WARN_STRICT_PROTOTYPES = YES;
				CLANG_WARN_SUSPICIOUS_MOVE = YES;
				CLANG_WARN_UNGUARDED_AVAILABILITY = YES_AGGRESSIVE;
				CLANG_WARN_UNREACHABLE_CODE = YES;
				CLANG_WARN__DUPLICATE_METHOD_MATCH = YES;
				COPY_PHASE_STRIP = NO;
				DEBUG_INFORMATION_FORMAT = dwarf;
				ENABLE_STRICT_OBJC_MSGSEND = YES;
				ENABLE_TESTABILITY = YES;
				ENABLE_USER_SCRIPT_SANDBOXING = YES;
				GCC_C_LANGUAGE_STANDARD = gnu17;
				GCC_DYNAMIC_NO_PIC = NO;
				GCC_NO_COMMON_BLOCKS = YES;
				GCC_OPTIMIZATION_LEVEL = 0;
				GCC_PREPROCESSOR_DEFINITIONS = (
					"DEBUG=1",
					"$(inherited)",
				);
				GCC_WARN_64_TO_32_BIT_CONVERSION = YES;
				GCC_WARN_ABOUT_RETURN_TYPE = YES_ERROR;
				GCC_WARN_UNDECLARED_SELECTOR = YES;
				GCC_WARN_UNINITIALIZED_AUTOS = YES_AGGRESSIVE;
				GCC_WARN_UNUSED_FUNCTION = YES;
				GCC_WARN_UNUSED_VARIABLE = YES;
				IPHONEOS_DEPLOYMENT_TARGET = 18.4;
				LOCALIZATION_PREFERS_STRING_CATALOGS = YES;
				MTL_ENABLE_DEBUG_INFO = INCLUDE_SOURCE;
				MTL_FAST_MATH = YES;
				ONLY_ACTIVE_ARCH = YES;
				SDKROOT = iphoneos;
				SWIFT_ACTIVE_COMPILATION_CONDITIONS = "DEBUG $(inherited)";
				SWIFT_OPTIMIZATION_LEVEL = "-Onone";
			};
			name = Debug;
		};
		1C7E22612DF175BC005E6399 /* Release */ = {
			isa = XCBuildConfiguration;
			buildSettings = {
				ALWAYS_SEARCH_USER_PATHS = NO;
				ASSETCATALOG_COMPILER_GENERATE_SWIFT_ASSET_SYMBOL_EXTENSIONS = YES;
				CLANG_ANALYZER_NONNULL = YES;
				CLANG_ANALYZER_NUMBER_OBJECT_CONVERSION = YES_AGGRESSIVE;
				CLANG_CXX_LANGUAGE_STANDARD = "gnu++20";
				CLANG_ENABLE_MODULES = YES;
				CLANG_ENABLE_OBJC_ARC = YES;
				CLANG_ENABLE_OBJC_WEAK = YES;
				CLANG_WARN_BLOCK_CAPTURE_AUTORELEASING = YES;
				CLANG_WARN_BOOL_CONVERSION = YES;
				CLANG_WARN_COMMA = YES;
				CLANG_WARN_CONSTANT_CONVERSION = YES;
				CLANG_WARN_DEPRECATED_OBJC_IMPLEMENTATIONS = YES;
				CLANG_WARN_DIRECT_OBJC_ISA_USAGE = YES_ERROR;
				CLANG_WARN_DOCUMENTATION_COMMENTS = YES;
				CLANG_WARN_EMPTY_BODY = YES;
				CLANG_WARN_ENUM_CONVERSION = YES;
				CLANG_WARN_INFINITE_RECURSION = YES;
				CLANG_WARN_INT_CONVERSION = YES;
				CLANG_WARN_NON_LITERAL_NULL_CONVERSION = YES;
				CLANG_WARN_OBJC_IMPLICIT_RETAIN_SELF = YES;
				CLANG_WARN_OBJC_LITERAL_CONVERSION = YES;
				CLANG_WARN_OBJC_ROOT_CLASS = YES_ERROR;
				CLANG_WARN_QUOTED_INCLUDE_IN_FRAMEWORK_HEADER = YES;
				CLANG_WARN_RANGE_LOOP_ANALYSIS = YES;
				CLANG_WARN_STRICT_PROTOTYPES = YES;
				CLANG_WARN_SUSPICIOUS_MOVE = YES;
				CLANG_WARN_UNGUARDED_AVAILABILITY = YES_AGGRESSIVE;
				CLANG_WARN_UNREACHABLE_CODE = YES;
				CLANG_WARN__DUPLICATE_METHOD_MATCH = YES;
				COPY_PHASE_STRIP = NO;
				DEBUG_INFORMATION_FORMAT = "dwarf-with-dsym";
				ENABLE_NS_ASSERTIONS = NO;
				ENABLE_STRICT_OBJC_MSGSEND = YES;
				ENABLE_USER_SCRIPT_SANDBOXING = YES;
				GCC_C_LANGUAGE_STANDARD = gnu17;
				GCC_NO_COMMON_BLOCKS = YES;
				GCC_WARN_64_TO_32_BIT_CONVERSION = YES;
				GCC_WARN_ABOUT_RETURN_TYPE = YES_ERROR;
				GCC_WARN_UNDECLARED_SELECTOR = YES;
				GCC_WARN_UNINITIALIZED_AUTOS = YES_AGGRESSIVE;
				GCC_WARN_UNUSED_FUNCTION = YES;
				GCC_WARN_UNUSED_VARIABLE = YES;
				IPHONEOS_DEPLOYMENT_TARGET = 18.4;
				LOCALIZATION_PREFERS_STRING_CATALOGS = YES;
				MTL_ENABLE_DEBUG_INFO = NO;
				MTL_FAST_MATH = YES;
				SDKROOT = iphoneos;
				SWIFT_COMPILATION_MODE = wholemodule;
				VALIDATE_PRODUCT = YES;
			};
			name = Release;
		};
		1C7E22632DF175BC005E6399 /* Debug */ = {
			isa = XCBuildConfiguration;
			buildSettings = {
				ASSETCATALOG_COMPILER_APPICON_NAME = AppIcon;
				ASSETCATALOG_COMPILER_GLOBAL_ACCENT_COLOR_NAME = AccentColor;
				CODE_SIGN_STYLE = Automatic;
				CURRENT_PROJECT_VERSION = 1;
				ENABLE_PREVIEWS = YES;
				GENERATE_INFOPLIST_FILE = YES;
				INFOPLIST_KEY_UIApplicationSceneManifest_Generation = YES;
				INFOPLIST_KEY_UIApplicationSupportsIndirectInputEvents = YES;
				INFOPLIST_KEY_UILaunchScreen_Generation = YES;
				INFOPLIST_KEY_UISupportedInterfaceOrientations_iPad = "UIInterfaceOrientationPortrait UIInterfaceOrientationPortraitUpsideDown UIInterfaceOrientationLandscapeLeft UIInterfaceOrientationLandscapeRight";
				INFOPLIST_KEY_UISupportedInterfaceOrientations_iPhone = "UIInterfaceOrientationPortrait UIInterfaceOrientationLandscapeLeft UIInterfaceOrientationLandscapeRight";
				LD_RUNPATH_SEARCH_PATHS = (
					"$(inherited)",
					"@executable_path/Frameworks",
				);
				MARKETING_VERSION = 1.0;
				PRODUCT_BUNDLE_IDENTIFIER = "com.uedasoft.ashiato-kai.Ashiato-KAI";
				PRODUCT_NAME = "$(TARGET_NAME)";
				SWIFT_EMIT_LOC_STRINGS = YES;
				SWIFT_VERSION = 5.0;
				TARGETED_DEVICE_FAMILY = "1,2";
			};
			name = Debug;
		};
		1C7E22642DF175BC005E6399 /* Release */ = {
			isa = XCBuildConfiguration;
			buildSettings = {
				ASSETCATALOG_COMPILER_APPICON_NAME = AppIcon;
				ASSETCATALOG_COMPILER_GLOBAL_ACCENT_COLOR_NAME = AccentColor;
				CODE_SIGN_STYLE = Automatic;
				CURRENT_PROJECT_VERSION = 1;
				ENABLE_PREVIEWS = YES;
				GENERATE_INFOPLIST_FILE = YES;
				INFOPLIST_KEY_UIApplicationSceneManifest_Generation = YES;
				INFOPLIST_KEY_UIApplicationSupportsIndirectInputEvents = YES;
				INFOPLIST_KEY_UILaunchScreen_Generation = YES;
				INFOPLIST_KEY_UISupportedInterfaceOrientations_iPad = "UIInterfaceOrientationPortrait UIInterfaceOrientationPortraitUpsideDown UIInterfaceOrientationLandscapeLeft UIInterfaceOrientationLandscapeRight";
				INFOPLIST_KEY_UISupportedInterfaceOrientations_iPhone = "UIInterfaceOrientationPortrait UIInterfaceOrientationLandscapeLeft UIInterfaceOrientationLandscapeRight";
				LD_RUNPATH_SEARCH_PATHS = (
					"$(inherited)",
					"@executable_path/Frameworks",
				);
				MARKETING_VERSION = 1.0;
				PRODUCT_BUNDLE_IDENTIFIER = "com.uedasoft.ashiato-kai.Ashiato-KAI";
				PRODUCT_NAME = "$(TARGET_NAME)";
				SWIFT_EMIT_LOC_STRINGS = YES;
				SWIFT_VERSION = 5.0;
				TARGETED_DEVICE_FAMILY = "1,2";
			};
			name = Release;
		};
		1C7E22662DF175BC005E6399 /* Debug */ = {
			isa = XCBuildConfiguration;
			buildSettings = {
				BUNDLE_LOADER = "$(TEST_HOST)";
				CODE_SIGN_STYLE = Automatic;
				CURRENT_PROJECT_VERSION = 1;
				GENERATE_INFOPLIST_FILE = YES;
				IPHONEOS_DEPLOYMENT_TARGET = 18.4;
				MARKETING_VERSION = 1.0;
				PRODUCT_BUNDLE_IDENTIFIER = "com.uedasoft.ashiato-kai.Ashiato-KAITests";
				PRODUCT_NAME = "$(TARGET_NAME)";
				SWIFT_EMIT_LOC_STRINGS = NO;
				SWIFT_VERSION = 5.0;
				TARGETED_DEVICE_FAMILY = "1,2";
				TEST_HOST = "$(BUILT_PRODUCTS_DIR)/Ashiato_KAI.app/$(BUNDLE_EXECUTABLE_FOLDER_PATH)/Ashiato_KAI";
			};
			name = Debug;
		};
		1C7E22672DF175BC005E6399 /* Release */ = {
			isa = XCBuildConfiguration;
			buildSettings = {
				BUNDLE_LOADER = "$(TEST_HOST)";
				CODE_SIGN_STYLE = Automatic;
				CURRENT_PROJECT_VERSION = 1;
				GENERATE_INFOPLIST_FILE = YES;
				IPHONEOS_DEPLOYMENT_TARGET = 18.4;
				MARKETING_VERSION = 1.0;
				PRODUCT_BUNDLE_IDENTIFIER = "com.uedasoft.ashiato-kai.Ashiato-KAITests";
				PRODUCT_NAME = "$(TARGET_NAME)";
				SWIFT_EMIT_LOC_STRINGS = NO;
				SWIFT_VERSION = 5.0;
				TARGETED_DEVICE_FAMILY = "1,2";
				TEST_HOST = "$(BUILT_PRODUCTS_DIR)/Ashiato_KAI.app/$(BUNDLE_EXECUTABLE_FOLDER_PATH)/Ashiato_KAI";
			};
			name = Release;
		};
		1C7E22692DF175BC005E6399 /* Debug */ = {
			isa = XCBuildConfiguration;
			buildSettings = {
				CODE_SIGN_STYLE = Automatic;
				CURRENT_PROJECT_VERSION = 1;
				GENERATE_INFOPLIST_FILE = YES;
				MARKETING_VERSION = 1.0;
				PRODUCT_BUNDLE_IDENTIFIER = "com.uedasoft.ashiato-kai.Ashiato-KAIUITests";
				PRODUCT_NAME = "$(TARGET_NAME)";
				SWIFT_EMIT_LOC_STRINGS = NO;
				SWIFT_VERSION = 5.0;
				TARGETED_DEVICE_FAMILY = "1,2";
				TEST_TARGET_NAME = Ashiato_KAI;
			};
			name = Debug;
		};
		1C7E226A2DF175BC005E6399 /* Release */ = {
			isa = XCBuildConfiguration;
			buildSettings = {
				CODE_SIGN_STYLE = Automatic;
				CURRENT_PROJECT_VERSION = 1;
				GENERATE_INFOPLIST_FILE = YES;
				MARKETING_VERSION = 1.0;
				PRODUCT_BUNDLE_IDENTIFIER = "com.uedasoft.ashiato-kai.Ashiato-KAIUITests";
				PRODUCT_NAME = "$(TARGET_NAME)";
				SWIFT_EMIT_LOC_STRINGS = NO;
				SWIFT_VERSION = 5.0;
				TARGETED_DEVICE_FAMILY = "1,2";
				TEST_TARGET_NAME = Ashiato_KAI;
			};
			name = Release;
		};
/* End XCBuildConfiguration section */

/* Begin XCConfigurationList section */
		1C7E22372DF175BB005E6399 /* Build configuration list for PBXProject "Ashiato_KAI" */ = {
			isa = XCConfigurationList;
			buildConfigurations = (
				1C7E22602DF175BC005E6399 /* Debug */,
				1C7E22612DF175BC005E6399 /* Release */,
			);
			defaultConfigurationIsVisible = 0;
			defaultConfigurationName = Release;
		};
		1C7E22622DF175BC005E6399 /* Build configuration list for PBXNativeTarget "Ashiato_KAI" */ = {
			isa = XCConfigurationList;
			buildConfigurations = (
				1C7E22632DF175BC005E6399 /* Debug */,
				1C7E22642DF175BC005E6399 /* Release */,
			);
			defaultConfigurationIsVisible = 0;
			defaultConfigurationName = Release;
		};
		1C7E22652DF175BC005E6399 /* Build configuration list for PBXNativeTarget "Ashiato_KAITests" */ = {
			isa = XCConfigurationList;
			buildConfigurations = (
				1C7E22662DF175BC005E6399 /* Debug */,
				1C7E22672DF175BC005E6399 /* Release */,
			);
			defaultConfigurationIsVisible = 0;
			defaultConfigurationName = Release;
		};
		1C7E22682DF175BC005E6399 /* Build configuration list for PBXNativeTarget "Ashiato_KAIUITests" */ = {
			isa = XCConfigurationList;
			buildConfigurations = (
				1C7E22692DF175BC005E6399 /* Debug */,
				1C7E226A2DF175BC005E6399 /* Release */,
			);
			defaultConfigurationIsVisible = 0;
			defaultConfigurationName = Release;
		};
/* End XCConfigurationList section */
	};
	rootObject = 1C7E22342DF175BB005E6399 /* Project object */;
}
