// !$*UTF8*$!
{
	archiveVersion = 1;
	classes = {
	};
	objectVersion = 77;
	objects = {

/* Begin PBXContainerItemProxy section */
		1C6E2A542DC94CDD00C7F701 /* PBXContainerItemProxy */ = {
			isa = PBXContainerItemProxy;
			containerPortal = 1C6E2A392DC94CDC00C7F701 /* Project object */;
			proxyType = 1;
			remoteGlobalIDString = 1C6E2A402DC94CDC00C7F701;
			remoteInfo = "Ashiato: KAI";
		};
		1C6E2A5E2DC94CDD00C7F701 /* PBXContainerItemProxy */ = {
			isa = PBXContainerItemProxy;
			containerPortal = 1C6E2A392DC94CDC00C7F701 /* Project object */;
			proxyType = 1;
			remoteGlobalIDString = 1C6E2A402DC94CDC00C7F701;
			remoteInfo = "Ashiato: KAI";
		};
/* End PBXContainerItemProxy section */

/* Begin PBXFileReference section */
		1C6E2A412DC94CDC00C7F701 /* Ashiato_KAI.app */ = {isa = PBXFileReference; explicitFileType = wrapper.application; includeInIndex = 0; path = Ashiato_KAI.app; sourceTree = BUILT_PRODUCTS_DIR; };
		1C6E2A532DC94CDD00C7F701 /* Ashiato_KAITests.xctest */ = {isa = PBXFileReference; explicitFileType = wrapper.cfbundle; includeInIndex = 0; path = Ashiato_KAITests.xctest; sourceTree = BUILT_PRODUCTS_DIR; };
		1C6E2A5D2DC94CDD00C7F701 /* Ashiato_KAIUITests.xctest */ = {isa = PBXFileReference; explicitFileType = wrapper.cfbundle; includeInIndex = 0; path = Ashiato_KAIUITests.xctest; sourceTree = BUILT_PRODUCTS_DIR; };
/* End PBXFileReference section */

/* Begin PBXFileSystemSynchronizedRootGroup section */
		1C6E2A432DC94CDC00C7F701 /* Ashiato_KAI */ = {
			isa = PBXFileSystemSynchronizedRootGroup;
			path = Ashiato_KAI;
			sourceTree = "<group>";
		};
		1C6E2A562DC94CDD00C7F701 /* Ashiato: KAITests */ = {
			isa = PBXFileSystemSynchronizedRootGroup;
			path = "Ashiato: KAITests";
			sourceTree = "<group>";
		};
		1C6E2A602DC94CDD00C7F701 /* Ashiato: KAIUITests */ = {
			isa = PBXFileSystemSynchronizedRootGroup;
			path = "Ashiato: KAIUITests";
			sourceTree = "<group>";
		};
/* End PBXFileSystemSynchronizedRootGroup section */

/* Begin PBXFrameworksBuildPhase section */
		1C6E2A3E2DC94CDC00C7F701 /* Frameworks */ = {
			isa = PBXFrameworksBuildPhase;
			buildActionMask = 2147483647;
			files = (
			);
			runOnlyForDeploymentPostprocessing = 0;
		};
		1C6E2A502DC94CDD00C7F701 /* Frameworks */ = {
			isa = PBXFrameworksBuildPhase;
			buildActionMask = 2147483647;
			files = (
			);
			runOnlyForDeploymentPostprocessing = 0;
		};
		1C6E2A5A2DC94CDD00C7F701 /* Frameworks */ = {
			isa = PBXFrameworksBuildPhase;
			buildActionMask = 2147483647;
			files = (
			);
			runOnlyForDeploymentPostprocessing = 0;
		};
/* End PBXFrameworksBuildPhase section */

/* Begin PBXGroup section */
		1C6E2A382DC94CDC00C7F701 = {
			isa = PBXGroup;
			children = (
				1C6E2A432DC94CDC00C7F701 /* Ashiato_KAI */,
				1C6E2A562DC94CDD00C7F701 /* Ashiato: KAITests */,
				1C6E2A602DC94CDD00C7F701 /* Ashiato: KAIUITests */,
				1C6E2A422DC94CDC00C7F701 /* Products */,
			);
			sourceTree = "<group>";
		};
		1C6E2A422DC94CDC00C7F701 /* Products */ = {
			isa = PBXGroup;
			children = (
				1C6E2A412DC94CDC00C7F701 /* Ashiato_KAI.app */,
				1C6E2A532DC94CDD00C7F701 /* Ashiato_KAITests.xctest */,
				1C6E2A5D2DC94CDD00C7F701 /* Ashiato_KAIUITests.xctest */,
			);
			name = Products;
			sourceTree = "<group>";
		};
/* End PBXGroup section */

/* Begin PBXNativeTarget section */
		1C6E2A402DC94CDC00C7F701 /* Ashiato_KAI */ = {
			isa = PBXNativeTarget;
			buildConfigurationList = 1C6E2A672DC94CDD00C7F701 /* Build configuration list for PBXNativeTarget "Ashiato_KAI" */;
			buildPhases = (
				1C6E2A3D2DC94CDC00C7F701 /* Sources */,
				1C6E2A3E2DC94CDC00C7F701 /* Frameworks */,
				1C6E2A3F2DC94CDC00C7F701 /* Resources */,
			);
			buildRules = (
			);
			dependencies = (
			);
			fileSystemSynchronizedGroups = (
				1C6E2A432DC94CDC00C7F701 /* Ashiato_KAI */,
			);
			name = Ashiato_KAI;
			packageProductDependencies = (
			);
			productName = "Ashiato: KAI";
			productReference = 1C6E2A412DC94CDC00C7F701 /* Ashiato_KAI.app */;
			productType = "com.apple.product-type.application";
		};
		1C6E2A522DC94CDD00C7F701 /* Ashiato_KAITests */ = {
			isa = PBXNativeTarget;
			buildConfigurationList = 1C6E2A6A2DC94CDD00C7F701 /* Build configuration list for PBXNativeTarget "Ashiato_KAITests" */;
			buildPhases = (
				1C6E2A4F2DC94CDD00C7F701 /* Sources */,
				1C6E2A502DC94CDD00C7F701 /* Frameworks */,
				1C6E2A512DC94CDD00C7F701 /* Resources */,
			);
			buildRules = (
			);
			dependencies = (
				1C6E2A552DC94CDD00C7F701 /* PBXTargetDependency */,
			);
			fileSystemSynchronizedGroups = (
				1C6E2A562DC94CDD00C7F701 /* Ashiato: KAITests */,
			);
			name = Ashiato_KAITests;
			packageProductDependencies = (
			);
			productName = "Ashiato: KAITests";
			productReference = 1C6E2A532DC94CDD00C7F701 /* Ashiato_KAITests.xctest */;
			productType = "com.apple.product-type.bundle.unit-test";
		};
		1C6E2A5C2DC94CDD00C7F701 /* Ashiato_KAIUITests */ = {
			isa = PBXNativeTarget;
			buildConfigurationList = 1C6E2A6D2DC94CDD00C7F701 /* Build configuration list for PBXNativeTarget "Ashiato_KAIUITests" */;
			buildPhases = (
				1C6E2A592DC94CDD00C7F701 /* Sources */,
				1C6E2A5A2DC94CDD00C7F701 /* Frameworks */,
				1C6E2A5B2DC94CDD00C7F701 /* Resources */,
			);
			buildRules = (
			);
			dependencies = (
				1C6E2A5F2DC94CDD00C7F701 /* PBXTargetDependency */,
			);
			fileSystemSynchronizedGroups = (
				1C6E2A602DC94CDD00C7F701 /* Ashiato: KAIUITests */,
			);
			name = Ashiato_KAIUITests;
			packageProductDependencies = (
			);
			productName = "Ashiato: KAIUITests";
			productReference = 1C6E2A5D2DC94CDD00C7F701 /* Ashiato_KAIUITests.xctest */;
			productType = "com.apple.product-type.bundle.ui-testing";
		};
/* End PBXNativeTarget section */

/* Begin PBXProject section */
		1C6E2A392DC94CDC00C7F701 /* Project object */ = {
			isa = PBXProject;
			attributes = {
				BuildIndependentTargetsInParallel = 1;
				LastSwiftUpdateCheck = 1630;
				LastUpgradeCheck = 1630;
				TargetAttributes = {
					1C6E2A402DC94CDC00C7F701 = {
						CreatedOnToolsVersion = 16.3;
					};
					1C6E2A522DC94CDD00C7F701 = {
						CreatedOnToolsVersion = 16.3;
						TestTargetID = 1C6E2A402DC94CDC00C7F701;
					};
					1C6E2A5C2DC94CDD00C7F701 = {
						CreatedOnToolsVersion = 16.3;
						TestTargetID = 1C6E2A402DC94CDC00C7F701;
					};
				};
			};
			buildConfigurationList = 1C6E2A3C2DC94CDC00C7F701 /* Build configuration list for PBXProject "Ashiato_KAI" */;
			developmentRegion = en;
			hasScannedForEncodings = 0;
			knownRegions = (
				en,
				Base,
			);
			mainGroup = 1C6E2A382DC94CDC00C7F701;
			minimizedProjectReferenceProxies = 1;
			preferredProjectObjectVersion = 77;
			productRefGroup = 1C6E2A422DC94CDC00C7F701 /* Products */;
			projectDirPath = "";
			projectRoot = "";
			targets = (
				1C6E2A402DC94CDC00C7F701 /* Ashiato_KAI */,
				1C6E2A522DC94CDD00C7F701 /* Ashiato_KAITests */,
				1C6E2A5C2DC94CDD00C7F701 /* Ashiato_KAIUITests */,
			);
		};
/* End PBXProject section */

/* Begin PBXResourcesBuildPhase section */
		1C6E2A3F2DC94CDC00C7F701 /* Resources */ = {
			isa = PBXResourcesBuildPhase;
			buildActionMask = 2147483647;
			files = (
			);
			runOnlyForDeploymentPostprocessing = 0;
		};
		1C6E2A512DC94CDD00C7F701 /* Resources */ = {
			isa = PBXResourcesBuildPhase;
			buildActionMask = 2147483647;
			files = (
			);
			runOnlyForDeploymentPostprocessing = 0;
		};
		1C6E2A5B2DC94CDD00C7F701 /* Resources */ = {
			isa = PBXResourcesBuildPhase;
			buildActionMask = 2147483647;
			files = (
			);
			runOnlyForDeploymentPostprocessing = 0;
		};
/* End PBXResourcesBuildPhase section */

/* Begin PBXSourcesBuildPhase section */
		1C6E2A3D2DC94CDC00C7F701 /* Sources */ = {
			isa = PBXSourcesBuildPhase;
			buildActionMask = 2147483647;
			files = (
			);
			runOnlyForDeploymentPostprocessing = 0;
		};
		1C6E2A4F2DC94CDD00C7F701 /* Sources */ = {
			isa = PBXSourcesBuildPhase;
			buildActionMask = 2147483647;
			files = (
			);
			runOnlyForDeploymentPostprocessing = 0;
		};
		1C6E2A592DC94CDD00C7F701 /* Sources */ = {
			isa = PBXSourcesBuildPhase;
			buildActionMask = 2147483647;
			files = (
			);
			runOnlyForDeploymentPostprocessing = 0;
		};
/* End PBXSourcesBuildPhase section */

/* Begin PBXTargetDependency section */
		1C6E2A552DC94CDD00C7F701 /* PBXTargetDependency */ = {
			isa = PBXTargetDependency;
			target = 1C6E2A402DC94CDC00C7F701 /* Ashiato_KAI */;
			targetProxy = 1C6E2A542DC94CDD00C7F701 /* PBXContainerItemProxy */;
		};
		1C6E2A5F2DC94CDD00C7F701 /* PBXTargetDependency */ = {
			isa = PBXTargetDependency;
			target = 1C6E2A402DC94CDC00C7F701 /* Ashiato_KAI */;
			targetProxy = 1C6E2A5E2DC94CDD00C7F701 /* PBXContainerItemProxy */;
		};
/* End PBXTargetDependency section */

/* Begin XCBuildConfiguration section */
		1C6E2A652DC94CDD00C7F701 /* Debug */ = {
			isa = XCBuildConfiguration;
			buildSettings = {
				ALWAYS_SEARCH_USER_PATHS = NO;
				ASSETCATALOG_COMPILER_GENERATE_SWIFT_ASSET_SYMBOL_EXTENSIONS = YES;
				BASE_URL = "https://ehgexuqkfkbvpmyfxnls.supabase.co";
				CLANG_ANALYZER_NONNULL = YES;
				CLANG_ANALYZER_NUMBER_OBJECT_CONVERSION = YES_AGGRESSIVE;
				CLANG_CXX_LANGUAGE_STANDARD = "gnu++20";
				CLANG_ENABLE_MODULES = YES;
				CLANG_ENABLE_OBJC_ARC = YES;
				CLANG_ENABLE_OBJC_WEAK = YES;
				CLANG_WARN_BLOCK_CAPTURE_AUTORELEASING = YES;
				CLANG_WARN_BOOL_CONVERSION = YES;
				CLANG_WARN_COMMA = YES;
				CLANG_WARN_CONSTANT_CONVERSION = YES;
				CLANG_WARN_DEPRECATED_OBJC_IMPLEMENTATIONS = YES;
				CLANG_WARN_DIRECT_OBJC_ISA_USAGE = YES_ERROR;
				CLANG_WARN_DOCUMENTATION_COMMENTS = YES;
				CLANG_WARN_EMPTY_BODY = YES;
				CLANG_WARN_ENUM_CONVERSION = YES;
				CLANG_WARN_INFINITE_RECURSION = YES;
				CLANG_WARN_INT_CONVERSION = YES;
				CLANG_WARN_NON_LITERAL_NULL_CONVERSION = YES;
				CLANG_WARN_OBJC_IMPLICIT_RETAIN_SELF = YES;
				CLANG_WARN_OBJC_LITERAL_CONVERSION = YES;
				CLANG_WARN_OBJC_ROOT_CLASS = YES_ERROR;
				CLANG_WARN_QUOTED_INCLUDE_IN_FRAMEWORK_HEADER = YES;
				CLANG_WARN_RANGE_LOOP_ANALYSIS = YES;
				CLANG_WARN_STRICT_PROTOTYPES = YES;
				CLANG_WARN_SUSPICIOUS_MOVE = YES;
				CLANG_WARN_UNGUARDED_AVAILABILITY = YES_AGGRESSIVE;
				CLANG_WARN_UNREACHABLE_CODE = YES;
				CLANG_WARN__DUPLICATE_METHOD_MATCH = YES;
				COPY_PHASE_STRIP = NO;
				DEBUG_INFORMATION_FORMAT = dwarf;
				ENABLE_STRICT_OBJC_MSGSEND = YES;
				ENABLE_TESTABILITY = YES;
				ENABLE_USER_SCRIPT_SANDBOXING = YES;
				FIREBASE_URI = "";
				GCC_C_LANGUAGE_STANDARD = gnu17;
				GCC_DYNAMIC_NO_PIC = NO;
				GCC_NO_COMMON_BLOCKS = YES;
				GCC_OPTIMIZATION_LEVEL = 0;
				GCC_PREPROCESSOR_DEFINITIONS = (
					"DEBUG=1",
					"$(inherited)",
				);
				GCC_WARN_64_TO_32_BIT_CONVERSION = YES;
				GCC_WARN_ABOUT_RETURN_TYPE = YES_ERROR;
				GCC_WARN_UNDECLARED_SELECTOR = YES;
				GCC_WARN_UNINITIALIZED_AUTOS = YES_AGGRESSIVE;
				GCC_WARN_UNUSED_FUNCTION = YES;
				GCC_WARN_UNUSED_VARIABLE = YES;
				IPHONEOS_DEPLOYMENT_TARGET = 18.4;
				LOCALIZATION_PREFERS_STRING_CATALOGS = YES;
				MTL_ENABLE_DEBUG_INFO = INCLUDE_SOURCE;
				MTL_FAST_MATH = YES;
				ONLY_ACTIVE_ARCH = YES;
				SDKROOT = iphoneos;
				SWIFT_ACTIVE_COMPILATION_CONDITIONS = "DEBUG $(inherited)";
				SWIFT_OPTIMIZATION_LEVEL = "-Onone";
			};
			name = Debug;
		};
		1C6E2A662DC94CDD00C7F701 /* Release */ = {
			isa = XCBuildConfiguration;
			buildSettings = {
				ALWAYS_SEARCH_USER_PATHS = NO;
				ASSETCATALOG_COMPILER_GENERATE_SWIFT_ASSET_SYMBOL_EXTENSIONS = YES;
				BASE_URL = "https://ehgexuqkfkbvpmyfxnls.supabase.co";
				CLANG_ANALYZER_NONNULL = YES;
				CLANG_ANALYZER_NUMBER_OBJECT_CONVERSION = YES_AGGRESSIVE;
				CLANG_CXX_LANGUAGE_STANDARD = "gnu++20";
				CLANG_ENABLE_MODULES = YES;
				CLANG_ENABLE_OBJC_ARC = YES;
				CLANG_ENABLE_OBJC_WEAK = YES;
				CLANG_WARN_BLOCK_CAPTURE_AUTORELEASING = YES;
				CLANG_WARN_BOOL_CONVERSION = YES;
				CLANG_WARN_COMMA = YES;
				CLANG_WARN_CONSTANT_CONVERSION = YES;
				CLANG_WARN_DEPRECATED_OBJC_IMPLEMENTATIONS = YES;
				CLANG_WARN_DIRECT_OBJC_ISA_USAGE = YES_ERROR;
				CLANG_WARN_DOCUMENTATION_COMMENTS = YES;
				CLANG_WARN_EMPTY_BODY = YES;
				CLANG_WARN_ENUM_CONVERSION = YES;
				CLANG_WARN_INFINITE_RECURSION = YES;
				CLANG_WARN_INT_CONVERSION = YES;
				CLANG_WARN_NON_LITERAL_NULL_CONVERSION = YES;
				CLANG_WARN_OBJC_IMPLICIT_RETAIN_SELF = YES;
				CLANG_WARN_OBJC_LITERAL_CONVERSION = YES;
				CLANG_WARN_OBJC_ROOT_CLASS = YES_ERROR;
				CLANG_WARN_QUOTED_INCLUDE_IN_FRAMEWORK_HEADER = YES;
				CLANG_WARN_RANGE_LOOP_ANALYSIS = YES;
				CLANG_WARN_STRICT_PROTOTYPES = YES;
				CLANG_WARN_SUSPICIOUS_MOVE = YES;
				CLANG_WARN_UNGUARDED_AVAILABILITY = YES_AGGRESSIVE;
				CLANG_WARN_UNREACHABLE_CODE = YES;
				CLANG_WARN__DUPLICATE_METHOD_MATCH = YES;
				COPY_PHASE_STRIP = NO;
				DEBUG_INFORMATION_FORMAT = "dwarf-with-dsym";
				ENABLE_NS_ASSERTIONS = NO;
				ENABLE_STRICT_OBJC_MSGSEND = YES;
				ENABLE_USER_SCRIPT_SANDBOXING = YES;
				FIREBASE_URI = "";
				GCC_C_LANGUAGE_STANDARD = gnu17;
				GCC_NO_COMMON_BLOCKS = YES;
				GCC_WARN_64_TO_32_BIT_CONVERSION = YES;
				GCC_WARN_ABOUT_RETURN_TYPE = YES_ERROR;
				GCC_WARN_UNDECLARED_SELECTOR = YES;
				GCC_WARN_UNINITIALIZED_AUTOS = YES_AGGRESSIVE;
				GCC_WARN_UNUSED_FUNCTION = YES;
				GCC_WARN_UNUSED_VARIABLE = YES;
				IPHONEOS_DEPLOYMENT_TARGET = 18.4;
				LOCALIZATION_PREFERS_STRING_CATALOGS = YES;
				MTL_ENABLE_DEBUG_INFO = NO;
				MTL_FAST_MATH = YES;
				SDKROOT = iphoneos;
				SWIFT_COMPILATION_MODE = wholemodule;
				VALIDATE_PRODUCT = YES;
			};
			name = Release;
		};
		1C6E2A682DC94CDD00C7F701 /* Debug */ = {
			isa = XCBuildConfiguration;
			buildSettings = {
				ASSETCATALOG_COMPILER_APPICON_NAME = AppIcon;
				ASSETCATALOG_COMPILER_GLOBAL_ACCENT_COLOR_NAME = AccentColor;
				CODE_SIGN_STYLE = Automatic;
				CURRENT_PROJECT_VERSION = 1;
				ENABLE_PREVIEWS = YES;
				GENERATE_INFOPLIST_FILE = YES;
				INFOPLIST_KEY_CFBundleDisplayName = "Ashiato改";
				INFOPLIST_KEY_LSApplicationCategoryType = "public.app-category.productivity";
				INFOPLIST_KEY_UIApplicationSceneManifest_Generation = YES;
				INFOPLIST_KEY_UIApplicationSupportsIndirectInputEvents = YES;
				INFOPLIST_KEY_UILaunchScreen_Generation = YES;
				INFOPLIST_KEY_UISupportedInterfaceOrientations = UIInterfaceOrientationPortrait;
				INFOPLIST_KEY_UISupportedInterfaceOrientations_iPad = "UIInterfaceOrientationLandscapeLeft UIInterfaceOrientationLandscapeRight UIInterfaceOrientationPortrait UIInterfaceOrientationPortraitUpsideDown";
				LD_RUNPATH_SEARCH_PATHS = (
					"$(inherited)",
					"@executable_path/Frameworks",
				);
				MARKETING_VERSION = 1.0;
				PRODUCT_BUNDLE_IDENTIFIER = "com.uedasoft.ashiato-kai";
				PRODUCT_NAME = "$(TARGET_NAME)";
				SUPPORTED_PLATFORMS = "iphoneos iphonesimulator";
				SUPPORTS_MACCATALYST = NO;
				SUPPORTS_MAC_DESIGNED_FOR_IPHONE_IPAD = NO;
				SUPPORTS_XR_DESIGNED_FOR_IPHONE_IPAD = NO;
				SWIFT_EMIT_LOC_STRINGS = YES;
				SWIFT_VERSION = 5.0;
				TARGETED_DEVICE_FAMILY = 1;
			};
			name = Debug;
		};
		1C6E2A692DC94CDD00C7F701 /* Release */ = {
			isa = XCBuildConfiguration;
			buildSettings = {
				ASSETCATALOG_COMPILER_APPICON_NAME = AppIcon;
				ASSETCATALOG_COMPILER_GLOBAL_ACCENT_COLOR_NAME = AccentColor;
				CODE_SIGN_STYLE = Automatic;
				CURRENT_PROJECT_VERSION = 1;
				ENABLE_PREVIEWS = YES;
				GENERATE_INFOPLIST_FILE = YES;
				INFOPLIST_KEY_CFBundleDisplayName = "Ashiato改";
				INFOPLIST_KEY_LSApplicationCategoryType = "public.app-category.productivity";
				INFOPLIST_KEY_UIApplicationSceneManifest_Generation = YES;
				INFOPLIST_KEY_UIApplicationSupportsIndirectInputEvents = YES;
				INFOPLIST_KEY_UILaunchScreen_Generation = YES;
				INFOPLIST_KEY_UISupportedInterfaceOrientations = UIInterfaceOrientationPortrait;
				INFOPLIST_KEY_UISupportedInterfaceOrientations_iPad = "UIInterfaceOrientationLandscapeLeft UIInterfaceOrientationLandscapeRight UIInterfaceOrientationPortrait UIInterfaceOrientationPortraitUpsideDown";
				LD_RUNPATH_SEARCH_PATHS = (
					"$(inherited)",
					"@executable_path/Frameworks",
				);
				MARKETING_VERSION = 1.0;
				PRODUCT_BUNDLE_IDENTIFIER = "com.uedasoft.ashiato-kai";
				PRODUCT_NAME = "$(TARGET_NAME)";
				SUPPORTED_PLATFORMS = "iphoneos iphonesimulator";
				SUPPORTS_MACCATALYST = NO;
				SUPPORTS_MAC_DESIGNED_FOR_IPHONE_IPAD = NO;
				SUPPORTS_XR_DESIGNED_FOR_IPHONE_IPAD = NO;
				SWIFT_EMIT_LOC_STRINGS = YES;
				SWIFT_VERSION = 5.0;
				TARGETED_DEVICE_FAMILY = 1;
			};
			name = Release;
		};
		1C6E2A6B2DC94CDD00C7F701 /* Debug */ = {
			isa = XCBuildConfiguration;
			buildSettings = {
				BUNDLE_LOADER = "$(TEST_HOST)";
				CODE_SIGN_STYLE = Automatic;
				CURRENT_PROJECT_VERSION = 1;
				GENERATE_INFOPLIST_FILE = YES;
				IPHONEOS_DEPLOYMENT_TARGET = 18.4;
				MARKETING_VERSION = 1.0;
				PRODUCT_BUNDLE_IDENTIFIER = "com.uedasoft.ashiato-kai.Ashiato--KAITests";
				PRODUCT_NAME = "$(TARGET_NAME)";
				SWIFT_EMIT_LOC_STRINGS = NO;
				SWIFT_VERSION = 5.0;
				TARGETED_DEVICE_FAMILY = "1,2";
				TEST_HOST = "$(BUILT_PRODUCTS_DIR)/Ashiato_KAI.app/$(BUNDLE_EXECUTABLE_FOLDER_PATH)/Ashiato_KAI";
			};
			name = Debug;
		};
		1C6E2A6C2DC94CDD00C7F701 /* Release */ = {
			isa = XCBuildConfiguration;
			buildSettings = {
				BUNDLE_LOADER = "$(TEST_HOST)";
				CODE_SIGN_STYLE = Automatic;
				CURRENT_PROJECT_VERSION = 1;
				GENERATE_INFOPLIST_FILE = YES;
				IPHONEOS_DEPLOYMENT_TARGET = 18.4;
				MARKETING_VERSION = 1.0;
				PRODUCT_BUNDLE_IDENTIFIER = "com.uedasoft.ashiato-kai.Ashiato--KAITests";
				PRODUCT_NAME = "$(TARGET_NAME)";
				SWIFT_EMIT_LOC_STRINGS = NO;
				SWIFT_VERSION = 5.0;
				TARGETED_DEVICE_FAMILY = "1,2";
				TEST_HOST = "$(BUILT_PRODUCTS_DIR)/Ashiato_KAI.app/$(BUNDLE_EXECUTABLE_FOLDER_PATH)/Ashiato_KAI";
			};
			name = Release;
		};
		1C6E2A6E2DC94CDD00C7F701 /* Debug */ = {
			isa = XCBuildConfiguration;
			buildSettings = {
				CODE_SIGN_STYLE = Automatic;
				CURRENT_PROJECT_VERSION = 1;
				GENERATE_INFOPLIST_FILE = YES;
				MARKETING_VERSION = 1.0;
				PRODUCT_BUNDLE_IDENTIFIER = "com.uedasoft.ashiato-kai.Ashiato--KAIUITests";
				PRODUCT_NAME = "$(TARGET_NAME)";
				SWIFT_EMIT_LOC_STRINGS = NO;
				SWIFT_VERSION = 5.0;
				TARGETED_DEVICE_FAMILY = "1,2";
				TEST_TARGET_NAME = "Ashiato: KAI";
			};
			name = Debug;
		};
		1C6E2A6F2DC94CDD00C7F701 /* Release */ = {
			isa = XCBuildConfiguration;
			buildSettings = {
				CODE_SIGN_STYLE = Automatic;
				CURRENT_PROJECT_VERSION = 1;
				GENERATE_INFOPLIST_FILE = YES;
				MARKETING_VERSION = 1.0;
				PRODUCT_BUNDLE_IDENTIFIER = "com.uedasoft.ashiato-kai.Ashiato--KAIUITests";
				PRODUCT_NAME = "$(TARGET_NAME)";
				SWIFT_EMIT_LOC_STRINGS = NO;
				SWIFT_VERSION = 5.0;
				TARGETED_DEVICE_FAMILY = "1,2";
				TEST_TARGET_NAME = "Ashiato: KAI";
			};
			name = Release;
		};
/* End XCBuildConfiguration section */

/* Begin XCConfigurationList section */
		1C6E2A3C2DC94CDC00C7F701 /* Build configuration list for PBXProject "Ashiato_KAI" */ = {
			isa = XCConfigurationList;
			buildConfigurations = (
				1C6E2A652DC94CDD00C7F701 /* Debug */,
				1C6E2A662DC94CDD00C7F701 /* Release */,
			);
			defaultConfigurationIsVisible = 0;
			defaultConfigurationName = Release;
		};
		1C6E2A672DC94CDD00C7F701 /* Build configuration list for PBXNativeTarget "Ashiato_KAI" */ = {
			isa = XCConfigurationList;
			buildConfigurations = (
				1C6E2A682DC94CDD00C7F701 /* Debug */,
				1C6E2A692DC94CDD00C7F701 /* Release */,
			);
			defaultConfigurationIsVisible = 0;
			defaultConfigurationName = Release;
		};
		1C6E2A6A2DC94CDD00C7F701 /* Build configuration list for PBXNativeTarget "Ashiato_KAITests" */ = {
			isa = XCConfigurationList;
			buildConfigurations = (
				1C6E2A6B2DC94CDD00C7F701 /* Debug */,
				1C6E2A6C2DC94CDD00C7F701 /* Release */,
			);
			defaultConfigurationIsVisible = 0;
			defaultConfigurationName = Release;
		};
		1C6E2A6D2DC94CDD00C7F701 /* Build configuration list for PBXNativeTarget "Ashiato_KAIUITests" */ = {
			isa = XCConfigurationList;
			buildConfigurations = (
				1C6E2A6E2DC94CDD00C7F701 /* Debug */,
				1C6E2A6F2DC94CDD00C7F701 /* Release */,
			);
			defaultConfigurationIsVisible = 0;
			defaultConfigurationName = Release;
		};
/* End XCConfigurationList section */
	};
	rootObject = 1C6E2A392DC94CDC00C7F701 /* Project object */;
}
